
Microsoft Visual Studio Solution File, Format Version 12.00
# Visual Studio Version 17
VisualStudioVersion = 17.8.34511.84
MinimumVisualStudioVersion = 10.0.40219.1
Project("{8BC9CEB8-8B4A-11D0-8D11-00A0C91BC942}") = "Binary Search Analysis Project", "Binary Search Analysis Project\Binary Search Analysis Project.vcxproj", "{AE3DB8E5-9713-4345-BA4B-9275B6BDF89F}"
EndProject
Global
	GlobalSection(SolutionConfigurationPlatforms) = preSolution
		Debug|x64 = Debug|x64
		Debug|x86 = Debug|x86
		Release|x64 = Release|x64
		Release|x86 = Release|x86
	EndGlobalSection
	GlobalSection(ProjectConfigurationPlatforms) = postSolution
		{AE3DB8E5-9713-4345-BA4B-9275B6BDF89F}.Debug|x64.ActiveCfg = Debug|x64
		{AE3DB8E5-9713-4345-BA4B-9275B6BDF89F}.Debug|x64.Build.0 = Debug|x64
		{AE3DB8E5-9713-4345-BA4B-9275B6BDF89F}.Debug|x86.ActiveCfg = Debug|Win32
		{AE3DB8E5-9713-4345-BA4B-9275B6BDF89F}.Debug|x86.Build.0 = Debug|Win32
		{AE3DB8E5-9713-4345-BA4B-9275B6BDF89F}.Release|x64.ActiveCfg = Release|x64
		{AE3DB8E5-9713-4345-BA4B-9275B6BDF89F}.Release|x64.Build.0 = Release|x64
		{AE3DB8E5-9713-4345-BA4B-9275B6BDF89F}.Release|x86.ActiveCfg = Release|Win32
		{AE3DB8E5-9713-4345-BA4B-9275B6BDF89F}.Release|x86.Build.0 = Release|Win32
	EndGlobalSection
	GlobalSection(SolutionProperties) = preSolution
		HideSolutionNode = FALSE
	EndGlobalSection
	GlobalSection(ExtensibilityGlobals) = postSolution
		SolutionGuid = {82132F91-7CB0-480D-854F-8A9BE06DBF5D}
	EndGlobalSection
EndGlobal
